
Microsoft Visual Studio Solution File, Format Version 12.00
# Visual Studio 15
VisualStudioVersion = 15.0.28307.271
MinimumVisualStudioVersion = 10.0.40219.1
Project("{FAE04EC0-301F-11D3-BF4B-00C04F79EFBC}") = "SalesforceSharp", "SalesforceSharp\SalesforceSharp.csproj", "{0EA33E69-D046-42AF-9BF3-4B0F49EEA1D6}"
EndProject
Project("{FAE04EC0-301F-11D3-BF4B-00C04F79EFBC}") = "SalesforceSharp.UnitTests", "SalesforceSharp.UnitTests\SalesforceSharp.UnitTests.csproj", "{2EFC38B5-5011-4F95-B29A-3809D4E70D7D}"
EndProject
Project("{FAE04EC0-301F-11D3-BF4B-00C04F79EFBC}") = "SalesforceSharp.FunctionalTests", "SalesforceSharp.FunctionalTests\SalesforceSharp.FunctionalTests.csproj", "{276ECE17-1F85-430F-AF1A-68D50B8B9A27}"
EndProject
Global
	GlobalSection(SolutionConfigurationPlatforms) = preSolution
		Debug|Any CPU = Debug|Any CPU
		Release|Any CPU = Release|Any CPU
	EndGlobalSection
	GlobalSection(ProjectConfigurationPlatforms) = postSolution
		{0EA33E69-D046-42AF-9BF3-4B0F49EEA1D6}.Debug|Any CPU.ActiveCfg = Debug|Any CPU
		{0EA33E69-D046-42AF-9BF3-4B0F49EEA1D6}.Debug|Any CPU.Build.0 = Debug|Any CPU
		{0EA33E69-D046-42AF-9BF3-4B0F49EEA1D6}.Release|Any CPU.ActiveCfg = Release|Any CPU
		{0EA33E69-D046-42AF-9BF3-4B0F49EEA1D6}.Release|Any CPU.Build.0 = Release|Any CPU
		{2EFC38B5-5011-4F95-B29A-3809D4E70D7D}.Debug|Any CPU.ActiveCfg = Debug|Any CPU
		{2EFC38B5-5011-4F95-B29A-3809D4E70D7D}.Debug|Any CPU.Build.0 = Debug|Any CPU
		{2EFC38B5-5011-4F95-B29A-3809D4E70D7D}.Release|Any CPU.ActiveCfg = Release|Any CPU
		{2EFC38B5-5011-4F95-B29A-3809D4E70D7D}.Release|Any CPU.Build.0 = Release|Any CPU
		{276ECE17-1F85-430F-AF1A-68D50B8B9A27}.Debug|Any CPU.ActiveCfg = Debug|Any CPU
		{276ECE17-1F85-430F-AF1A-68D50B8B9A27}.Debug|Any CPU.Build.0 = Debug|Any CPU
		{276ECE17-1F85-430F-AF1A-68D50B8B9A27}.Release|Any CPU.ActiveCfg = Release|Any CPU
		{276ECE17-1F85-430F-AF1A-68D50B8B9A27}.Release|Any CPU.Build.0 = Release|Any CPU
	EndGlobalSection
	GlobalSection(SolutionProperties) = preSolution
		HideSolutionNode = FALSE
	EndGlobalSection
	GlobalSection(ExtensibilityGlobals) = postSolution
		SolutionGuid = {A0E25F35-2F8A-4437-BFBB-03C440E9B67A}
	EndGlobalSection
	GlobalSection(MonoDevelopProperties) = preSolution
		StartupItem = SalesforceSharp\SalesforceSharp.csproj
		Policies = $0
		$0.TextStylePolicy = $1
		$1.FileWidth = 120
		$1.inheritsSet = VisualStudio
		$1.inheritsScope = text/plain
		$1.scope = text/x-csharp
		$0.CSharpFormattingPolicy = $2
		$2.AfterDelegateDeclarationParameterComma = True
		$2.inheritsSet = Mono
		$2.inheritsScope = text/x-csharp
		$2.scope = text/x-csharp
	EndGlobalSection
EndGlobal
