
Microsoft Visual Studio Solution File, Format Version 12.00
# Visual Studio 2012
Project("{FAE04EC0-301F-11D3-BF4B-00C04F79EFBC}") = "SalesForceSharpSample", "SalesForceSharpSample.csproj", "{ED7AFBB3-E67D-461C-97D1-649CE4D75704}"
EndProject
Global
	GlobalSection(SolutionConfigurationPlatforms) = preSolution
		Debug|Any CPU = Debug|Any CPU
		Release|Any CPU = Release|Any CPU
	EndGlobalSection
	GlobalSection(ProjectConfigurationPlatforms) = postSolution
		{ED7AFBB3-E67D-461C-97D1-649CE4D75704}.Debug|Any CPU.ActiveCfg = Debug|Any CPU
		{ED7AFBB3-E67D-461C-97D1-649CE4D75704}.Debug|Any CPU.Build.0 = Debug|Any CPU
		{ED7AFBB3-E67D-461C-97D1-649CE4D75704}.Release|Any CPU.ActiveCfg = Release|Any CPU
		{ED7AFBB3-E67D-461C-97D1-649CE4D75704}.Release|Any CPU.Build.0 = Release|Any CPU
	EndGlobalSection
	GlobalSection(SolutionProperties) = preSolution
		HideSolutionNode = FALSE
	EndGlobalSection
EndGlobal
